{
  "name": "whatsapp-bot",
  "version": "1.0.0",
  "lockfileVersion": 2,
  "requires": true,
  "packages": {
    "": {
      "name": "whatsapp-bot",
      "version": "1.0.0",
      "license": "ISC",
      "dependencies": {
        "@whiskeysockets/baileys": "^6.5.0",
        "pino": "^8.16.1",
        "qrcode-terminal": "^0.12.0"
      }
    }
  }
}
